{
  "name": "npm_test",
  "version": "1.0.0",
  "lockfileVersion": 3,
  "requires": true,
  "packages": {
    "": {
      "name": "npm_test",
      "version": "1.0.0",
      "license": "ISC",
      "dependencies": {
        "docx-handlebars": "0.1.6"
      }
    },
    "node_modules/docx-handlebars": {
      "version": "0.1.6",
      "resolved": "https://registry.npmjs.org/docx-handlebars/-/docx-handlebars-0.1.6.tgz",
      "integrity": "sha512-gZKz5NwZh5q9snh9eUyHzvYDCVRgSgp8P2pX3agQVqjjCrEKSIMaesXkvQ3oH7aIvNgzoRUScPmalH4eahxjTw==",
      "license": "MIT"
    }
  }
}
