{
  "name": "npm_test",
  "version": "1.0.0",
  "lockfileVersion": 3,
  "requires": true,
  "packages": {
    "": {
      "name": "npm_test",
      "version": "1.0.0",
      "license": "ISC",
      "dependencies": {
        "docx-handlebars": "0.1.8"
      }
    },
    "node_modules/docx-handlebars": {
      "version": "0.1.8",
      "resolved": "https://registry.npmjs.org/docx-handlebars/-/docx-handlebars-0.1.8.tgz",
      "integrity": "sha512-U3A1Qz+v4jlPEg3i2/c1f7NyWJrYHbsO/T7iQ7KRfXpsiGeAQEAc4bLXDSCRkgWl1vkLd1GnQ5o6ClXiY3m+tA==",
      "license": "MIT"
    }
  }
}
