{
  "name": "npm_test",
  "version": "1.0.0",
  "lockfileVersion": 3,
  "requires": true,
  "packages": {
    "": {
      "name": "npm_test",
      "version": "1.0.0",
      "license": "ISC",
      "dependencies": {
        "docx-handlebars": "^0.1.4"
      }
    },
    "node_modules/docx-handlebars": {
      "version": "0.1.4",
      "resolved": "https://registry.npmjs.org/docx-handlebars/-/docx-handlebars-0.1.4.tgz",
      "integrity": "sha512-fD7Eec00XrBHCpBqJS0eJwT3V4bhG5Z6scLhexN16paIguJ7MuDS1jCvdvyKq10+C0+dQ+4ypB/1AViodwIeTg==",
      "license": "MIT OR Apache-2.0"
    }
  }
}
